
Microsoft Visual Studio Solution File, Format Version 12.00
Project("{2150E333-8FDC-42A3-9474-1A3956D46DE8}") = "src", "src", "{8FD960AA-426D-4E27-8ADF-113DFDC8FABA}"
EndProject
Project("{2150E333-8FDC-42A3-9474-1A3956D46DE8}") = "web", "web", "{8350D97B-2E0F-423B-996E-0D5D94EB6A51}"
EndProject
Project("{2150E333-8FDC-42A3-9474-1A3956D46DE8}") = "modules", "modules", "{185598BB-45D8-4724-A31C-7B0DDBAF34B9}"
EndProject
Project("{FAE04EC0-301F-11D3-BF4B-00C04F79EFBC}") = "BlazingOrchardServer.Web", "web\BlazingOrchardServer.Web\BlazingOrchardServer.Web.csproj", "{9A4C5E1C-15A5-405E-A17B-15C81C9790AC}"
EndProject
Project("{FAE04EC0-301F-11D3-BF4B-00C04F79EFBC}") = "BlazingOrchard", "BlazingOrchard\BlazingOrchard.csproj", "{1AF15692-FDAF-428F-A5EA-87B9AF038C4D}"
EndProject
Global
	GlobalSection(SolutionConfigurationPlatforms) = preSolution
		Debug|Any CPU = Debug|Any CPU
		Release|Any CPU = Release|Any CPU
	EndGlobalSection
	GlobalSection(ProjectConfigurationPlatforms) = postSolution
		{9A4C5E1C-15A5-405E-A17B-15C81C9790AC}.Debug|Any CPU.ActiveCfg = Debug|Any CPU
		{9A4C5E1C-15A5-405E-A17B-15C81C9790AC}.Debug|Any CPU.Build.0 = Debug|Any CPU
		{9A4C5E1C-15A5-405E-A17B-15C81C9790AC}.Release|Any CPU.ActiveCfg = Release|Any CPU
		{9A4C5E1C-15A5-405E-A17B-15C81C9790AC}.Release|Any CPU.Build.0 = Release|Any CPU
		{1AF15692-FDAF-428F-A5EA-87B9AF038C4D}.Debug|Any CPU.ActiveCfg = Debug|Any CPU
		{1AF15692-FDAF-428F-A5EA-87B9AF038C4D}.Debug|Any CPU.Build.0 = Debug|Any CPU
		{1AF15692-FDAF-428F-A5EA-87B9AF038C4D}.Release|Any CPU.ActiveCfg = Release|Any CPU
		{1AF15692-FDAF-428F-A5EA-87B9AF038C4D}.Release|Any CPU.Build.0 = Release|Any CPU
	EndGlobalSection
	GlobalSection(NestedProjects) = preSolution
		{8350D97B-2E0F-423B-996E-0D5D94EB6A51} = {8FD960AA-426D-4E27-8ADF-113DFDC8FABA}
		{185598BB-45D8-4724-A31C-7B0DDBAF34B9} = {8FD960AA-426D-4E27-8ADF-113DFDC8FABA}
		{9A4C5E1C-15A5-405E-A17B-15C81C9790AC} = {8350D97B-2E0F-423B-996E-0D5D94EB6A51}
		{1AF15692-FDAF-428F-A5EA-87B9AF038C4D} = {185598BB-45D8-4724-A31C-7B0DDBAF34B9}
	EndGlobalSection
EndGlobal
